
Microsoft Visual Studio Solution File, Format Version 12.00
# Visual Studio Version 16
VisualStudioVersion = 16.0.29009.5
MinimumVisualStudioVersion = 10.0.40219.1
Project("{00D1A9C2-B5F0-4AF3-8072-F6C62B433612}") = "ContactDatabase", "ContactDatabase\ContactDatabase.sqlproj", "{ED42216A-5ECE-482E-902C-D71136344396}"
EndProject
Project("{FAE04EC0-301F-11D3-BF4B-00C04F79EFBC}") = "ContactAPI", "ContactAPI\ContactAPI.csproj", "{D162A05D-A577-463D-9B4A-A04A55296F95}"
EndProject
Project("{00D1A9C2-B5F0-4AF3-8072-F6C62B433612}") = "ContactData", "ContactData\ContactData.sqlproj", "{E41B8AE8-0B14-4991-B8A1-C5171BFC3A2A}"
EndProject
Global
	GlobalSection(SolutionConfigurationPlatforms) = preSolution
		Debug|Any CPU = Debug|Any CPU
		Release|Any CPU = Release|Any CPU
	EndGlobalSection
	GlobalSection(ProjectConfigurationPlatforms) = postSolution
		{ED42216A-5ECE-482E-902C-D71136344396}.Debug|Any CPU.ActiveCfg = Debug|Any CPU
		{ED42216A-5ECE-482E-902C-D71136344396}.Debug|Any CPU.Build.0 = Debug|Any CPU
		{ED42216A-5ECE-482E-902C-D71136344396}.Debug|Any CPU.Deploy.0 = Debug|Any CPU
		{ED42216A-5ECE-482E-902C-D71136344396}.Release|Any CPU.ActiveCfg = Release|Any CPU
		{ED42216A-5ECE-482E-902C-D71136344396}.Release|Any CPU.Build.0 = Release|Any CPU
		{ED42216A-5ECE-482E-902C-D71136344396}.Release|Any CPU.Deploy.0 = Release|Any CPU
		{D162A05D-A577-463D-9B4A-A04A55296F95}.Debug|Any CPU.ActiveCfg = Debug|Any CPU
		{D162A05D-A577-463D-9B4A-A04A55296F95}.Debug|Any CPU.Build.0 = Debug|Any CPU
		{D162A05D-A577-463D-9B4A-A04A55296F95}.Release|Any CPU.ActiveCfg = Release|Any CPU
		{D162A05D-A577-463D-9B4A-A04A55296F95}.Release|Any CPU.Build.0 = Release|Any CPU
		{E41B8AE8-0B14-4991-B8A1-C5171BFC3A2A}.Debug|Any CPU.ActiveCfg = Debug|Any CPU
		{E41B8AE8-0B14-4991-B8A1-C5171BFC3A2A}.Debug|Any CPU.Build.0 = Debug|Any CPU
		{E41B8AE8-0B14-4991-B8A1-C5171BFC3A2A}.Debug|Any CPU.Deploy.0 = Debug|Any CPU
		{E41B8AE8-0B14-4991-B8A1-C5171BFC3A2A}.Release|Any CPU.ActiveCfg = Release|Any CPU
		{E41B8AE8-0B14-4991-B8A1-C5171BFC3A2A}.Release|Any CPU.Build.0 = Release|Any CPU
		{E41B8AE8-0B14-4991-B8A1-C5171BFC3A2A}.Release|Any CPU.Deploy.0 = Release|Any CPU
	EndGlobalSection
	GlobalSection(SolutionProperties) = preSolution
		HideSolutionNode = FALSE
	EndGlobalSection
	GlobalSection(ExtensibilityGlobals) = postSolution
		SolutionGuid = {433A39CD-513B-4A10-9729-D20261196448}
	EndGlobalSection
EndGlobal
